// !$*UTF8*$!
{
	archiveVersion = 1;
	classes = {
	};
	objectVersion = 46;
	objects = {

/* Begin PBXBuildFile section */
		EC1D6AC61A195DFB0099011C /* ploy.cpp in Sources */ = {isa = PBXBuildFile; fileRef = EC1D6AC51A195DFB0099011C /* ploy.cpp */; };
/* End PBXBuildFile section */

/* Begin PBXFileReference section */
		EC1D6AC51A195DFB0099011C /* ploy.cpp */ = {isa = PBXFileReference; lastKnownFileType = sourcecode.cpp.cpp; name = ploy.cpp; path = "src-boot/ploy.cpp"; sourceTree = "<group>"; };
		EC35627718527BA500805877 /* _repro.ploy */ = {isa = PBXFileReference; lastKnownFileType = text; path = _repro.ploy; sourceTree = "<group>"; };
		ECA9C4561963681C00DBC30A /* ploy */ = {isa = PBXFileReference; explicitFileType = "compiled.mach-o.executable"; includeInIndex = 0; path = ploy; sourceTree = BUILT_PRODUCTS_DIR; };
		ECA9C45719636CC600DBC30A /* src-boot */ = {isa = PBXFileReference; lastKnownFileType = folder; path = "src-boot"; sourceTree = "<group>"; };
		ECA9C45819636CC600DBC30A /* src-core */ = {isa = PBXFileReference; lastKnownFileType = folder; path = "src-core"; sourceTree = "<group>"; };
/* End PBXFileReference section */

/* Begin PBXGroup section */
		EC508F36184D795E00803072 = {
			isa = PBXGroup;
			children = (
				EC35627718527BA500805877 /* _repro.ploy */,
				EC1D6AC51A195DFB0099011C /* ploy.cpp */,
				ECA9C45719636CC600DBC30A /* src-boot */,
				ECA9C45819636CC600DBC30A /* src-core */,
				ECA9C4561963681C00DBC30A /* ploy */,
			);
			sourceTree = "<group>";
		};
/* End PBXGroup section */

/* Begin PBXNativeTarget section */
		EC508F3E184D795E00803072 /* ploy */ = {
			isa = PBXNativeTarget;
			buildConfigurationList = EC508F48184D795E00803072 /* Build configuration list for PBXNativeTarget "ploy" */;
			buildPhases = (
				EC1D6AC21A195DAA0099011C /* Sources */,
			);
			buildRules = (
			);
			dependencies = (
			);
			name = ploy;
			productName = ploy;
			productReference = ECA9C4561963681C00DBC30A /* ploy */;
			productType = "com.apple.product-type.tool";
		};
/* End PBXNativeTarget section */

/* Begin PBXProject section */
		EC508F37184D795E00803072 /* Project object */ = {
			isa = PBXProject;
			attributes = {
				LastUpgradeCheck = 0510;
				ORGANIZATIONNAME = "George King";
			};
			buildConfigurationList = EC508F3A184D795E00803072 /* Build configuration list for PBXProject "ploy" */;
			compatibilityVersion = "Xcode 3.2";
			developmentRegion = English;
			hasScannedForEncodings = 0;
			knownRegions = (
				en,
			);
			mainGroup = EC508F36184D795E00803072;
			productRefGroup = EC508F36184D795E00803072;
			projectDirPath = "";
			projectRoot = "";
			targets = (
				EC508F3E184D795E00803072 /* ploy */,
			);
		};
/* End PBXProject section */

/* Begin PBXSourcesBuildPhase section */
		EC1D6AC21A195DAA0099011C /* Sources */ = {
			isa = PBXSourcesBuildPhase;
			buildActionMask = 2147483647;
			files = (
				EC1D6AC61A195DFB0099011C /* ploy.cpp in Sources */,
			);
			runOnlyForDeploymentPostprocessing = 0;
		};
/* End PBXSourcesBuildPhase section */

/* Begin XCBuildConfiguration section */
		EC508F46184D795E00803072 /* Debug */ = {
			isa = XCBuildConfiguration;
			buildSettings = {
				ONLY_ACTIVE_ARCH = YES;
			};
			name = Debug;
		};
		EC508F47184D795E00803072 /* Release */ = {
			isa = XCBuildConfiguration;
			buildSettings = {
			};
			name = Release;
		};
		EC508F49184D795E00803072 /* Debug */ = {
			isa = XCBuildConfiguration;
			buildSettings = {
				OTHER_CPLUSPLUSFLAGS = (
					"$(OTHER_CFLAGS)",
					"@$(PROJECT_DIR)/tools/cpp.options",
					"@$(PROJECT_DIR)/tools/cpp-dbg.options",
				);
				PRODUCT_NAME = "$(TARGET_NAME)";
			};
			name = Debug;
		};
		EC508F4A184D795E00803072 /* Release */ = {
			isa = XCBuildConfiguration;
			buildSettings = {
				OTHER_CPLUSPLUSFLAGS = (
					"$(OTHER_CFLAGS)",
					"@$(PROJECT_DIR)/tools/cpp.options",
					"@$(PROJECT_DIR)/tools/cpp-rel.options",
				);
				PRODUCT_NAME = "$(TARGET_NAME)";
			};
			name = Release;
		};
/* End XCBuildConfiguration section */

/* Begin XCConfigurationList section */
		EC508F3A184D795E00803072 /* Build configuration list for PBXProject "ploy" */ = {
			isa = XCConfigurationList;
			buildConfigurations = (
				EC508F46184D795E00803072 /* Debug */,
				EC508F47184D795E00803072 /* Release */,
			);
			defaultConfigurationIsVisible = 0;
			defaultConfigurationName = Release;
		};
		EC508F48184D795E00803072 /* Build configuration list for PBXNativeTarget "ploy" */ = {
			isa = XCConfigurationList;
			buildConfigurations = (
				EC508F49184D795E00803072 /* Debug */,
				EC508F4A184D795E00803072 /* Release */,
			);
			defaultConfigurationIsVisible = 0;
			defaultConfigurationName = Release;
		};
/* End XCConfigurationList section */
	};
	rootObject = EC508F37184D795E00803072 /* Project object */;
}
