// !$*UTF8*$!
{
	archiveVersion = 1;
	classes = {
	};
	objectVersion = 46;
	objects = {

/* Begin PBXFileReference section */
		EC35627718527BA500805877 /* _repro.ploy */ = {isa = PBXFileReference; lastKnownFileType = text; path = _repro.ploy; sourceTree = "<group>"; };
		ECA9C4561963681C00DBC30A /* ploy */ = {isa = PBXFileReference; explicitFileType = "compiled.mach-o.executable"; includeInIndex = 0; path = ploy; sourceTree = BUILT_PRODUCTS_DIR; };
		ECA9C45719636CC600DBC30A /* src-boot */ = {isa = PBXFileReference; lastKnownFileType = folder; path = "src-boot"; sourceTree = "<group>"; };
		ECA9C45819636CC600DBC30A /* src-core */ = {isa = PBXFileReference; lastKnownFileType = folder; path = "src-core"; sourceTree = "<group>"; };
		ECAAB28B1993C16D00AF9057 /* ploy-dbg */ = {isa = PBXFileReference; explicitFileType = "compiled.mach-o.executable"; includeInIndex = 0; path = "ploy-dbg"; sourceTree = BUILT_PRODUCTS_DIR; };
/* End PBXFileReference section */

/* Begin PBXGroup section */
		EC508F36184D795E00803072 = {
			isa = PBXGroup;
			children = (
				EC35627718527BA500805877 /* _repro.ploy */,
				ECA9C45719636CC600DBC30A /* src-boot */,
				ECA9C45819636CC600DBC30A /* src-core */,
				ECA9C4561963681C00DBC30A /* ploy */,
				ECAAB28B1993C16D00AF9057 /* ploy-dbg */,
			);
			sourceTree = "<group>";
		};
/* End PBXGroup section */

/* Begin PBXNativeTarget section */
		EC508F3E184D795E00803072 /* ploy */ = {
			isa = PBXNativeTarget;
			buildConfigurationList = EC508F48184D795E00803072 /* Build configuration list for PBXNativeTarget "ploy" */;
			buildPhases = (
				EC996D721896CBAF0082CFD5 /* ShellScript */,
			);
			buildRules = (
			);
			dependencies = (
			);
			name = ploy;
			productName = ploy;
			productReference = ECA9C4561963681C00DBC30A /* ploy */;
			productType = "com.apple.product-type.tool";
		};
		ECAAB2861993C16D00AF9057 /* ploy-dbg */ = {
			isa = PBXNativeTarget;
			buildConfigurationList = ECAAB2881993C16D00AF9057 /* Build configuration list for PBXNativeTarget "ploy-dbg" */;
			buildPhases = (
				ECAAB2871993C16D00AF9057 /* ShellScript */,
			);
			buildRules = (
			);
			dependencies = (
			);
			name = "ploy-dbg";
			productName = ploy;
			productReference = ECAAB28B1993C16D00AF9057 /* ploy-dbg */;
			productType = "com.apple.product-type.tool";
		};
/* End PBXNativeTarget section */

/* Begin PBXProject section */
		EC508F37184D795E00803072 /* Project object */ = {
			isa = PBXProject;
			attributes = {
				LastUpgradeCheck = 0510;
				ORGANIZATIONNAME = "George King";
			};
			buildConfigurationList = EC508F3A184D795E00803072 /* Build configuration list for PBXProject "ploy" */;
			compatibilityVersion = "Xcode 3.2";
			developmentRegion = English;
			hasScannedForEncodings = 0;
			knownRegions = (
				en,
			);
			mainGroup = EC508F36184D795E00803072;
			productRefGroup = EC508F36184D795E00803072;
			projectDirPath = "";
			projectRoot = "";
			targets = (
				EC508F3E184D795E00803072 /* ploy */,
				ECAAB2861993C16D00AF9057 /* ploy-dbg */,
			);
		};
/* End PBXProject section */

/* Begin PBXShellScriptBuildPhase section */
		EC996D721896CBAF0082CFD5 /* ShellScript */ = {
			isa = PBXShellScriptBuildPhase;
			buildActionMask = 2147483647;
			files = (
			);
			inputPaths = (
			);
			outputPaths = (
			);
			runOnlyForDeploymentPostprocessing = 0;
			shellPath = /bin/sh;
			shellScript = "set -ex\nmake _bld/ploy\nmkdir -p $BUILT_PRODUCTS_DIR\ncp _bld/ploy $BUILT_PRODUCTS_DIR/$FULL_PRODUCT_NAME\n";
			showEnvVarsInLog = 0;
		};
		ECAAB2871993C16D00AF9057 /* ShellScript */ = {
			isa = PBXShellScriptBuildPhase;
			buildActionMask = 2147483647;
			files = (
			);
			inputPaths = (
			);
			outputPaths = (
			);
			runOnlyForDeploymentPostprocessing = 0;
			shellPath = /bin/sh;
			shellScript = "set -ex\nmake _bld/ploy-dbg\nmkdir -p $BUILT_PRODUCTS_DIR\ncp _bld/ploy-dbg $BUILT_PRODUCTS_DIR/$FULL_PRODUCT_NAME\n\n";
			showEnvVarsInLog = 0;
		};
/* End PBXShellScriptBuildPhase section */

/* Begin XCBuildConfiguration section */
		EC508F46184D795E00803072 /* Debug */ = {
			isa = XCBuildConfiguration;
			buildSettings = {
				ONLY_ACTIVE_ARCH = YES;
				PRODUCT_NAME = "$(TARGET_NAME)";
			};
			name = Debug;
		};
		EC508F47184D795E00803072 /* Release */ = {
			isa = XCBuildConfiguration;
			buildSettings = {
				PRODUCT_NAME = "$(TARGET_NAME)";
			};
			name = Release;
		};
		EC508F49184D795E00803072 /* Debug */ = {
			isa = XCBuildConfiguration;
			buildSettings = {
			};
			name = Debug;
		};
		EC508F4A184D795E00803072 /* Release */ = {
			isa = XCBuildConfiguration;
			buildSettings = {
			};
			name = Release;
		};
		ECAAB2891993C16D00AF9057 /* Debug */ = {
			isa = XCBuildConfiguration;
			buildSettings = {
			};
			name = Debug;
		};
		ECAAB28A1993C16D00AF9057 /* Release */ = {
			isa = XCBuildConfiguration;
			buildSettings = {
			};
			name = Release;
		};
/* End XCBuildConfiguration section */

/* Begin XCConfigurationList section */
		EC508F3A184D795E00803072 /* Build configuration list for PBXProject "ploy" */ = {
			isa = XCConfigurationList;
			buildConfigurations = (
				EC508F46184D795E00803072 /* Debug */,
				EC508F47184D795E00803072 /* Release */,
			);
			defaultConfigurationIsVisible = 0;
			defaultConfigurationName = Release;
		};
		EC508F48184D795E00803072 /* Build configuration list for PBXNativeTarget "ploy" */ = {
			isa = XCConfigurationList;
			buildConfigurations = (
				EC508F49184D795E00803072 /* Debug */,
				EC508F4A184D795E00803072 /* Release */,
			);
			defaultConfigurationIsVisible = 0;
			defaultConfigurationName = Release;
		};
		ECAAB2881993C16D00AF9057 /* Build configuration list for PBXNativeTarget "ploy-dbg" */ = {
			isa = XCConfigurationList;
			buildConfigurations = (
				ECAAB2891993C16D00AF9057 /* Debug */,
				ECAAB28A1993C16D00AF9057 /* Release */,
			);
			defaultConfigurationIsVisible = 0;
			defaultConfigurationName = Release;
		};
/* End XCConfigurationList section */
	};
	rootObject = EC508F37184D795E00803072 /* Project object */;
}
